// !$*UTF8*$!
{
	archiveVersion = 1;
	classes = {
	};
	objectVersion = 46;
	objects = {

/* Begin PBXBuildFile section */
		A167A4491CF5C60400ECCED7 /* AppDelegate.swift in Sources */ = {isa = PBXBuildFile; fileRef = A167A4481CF5C60400ECCED7 /* AppDelegate.swift */; };
		A167A44E1CF5C60400ECCED7 /* Main.storyboard in Resources */ = {isa = PBXBuildFile; fileRef = A167A44C1CF5C60400ECCED7 /* Main.storyboard */; };
		A167A4501CF5C60400ECCED7 /* Assets.xcassets in Resources */ = {isa = PBXBuildFile; fileRef = A167A44F1CF5C60400ECCED7 /* Assets.xcassets */; };
		A167A4531CF5C60400ECCED7 /* LaunchScreen.storyboard in Resources */ = {isa = PBXBuildFile; fileRef = A167A4511CF5C60400ECCED7 /* LaunchScreen.storyboard */; };
/* End PBXBuildFile section */

/* Begin PBXFileReference section */
		A167A4451CF5C60400ECCED7 /* echotags-db-importer.app */ = {isa = PBXFileReference; explicitFileType = wrapper.application; includeInIndex = 0; path = "echotags-db-importer.app"; sourceTree = BUILT_PRODUCTS_DIR; };
		A167A4481CF5C60400ECCED7 /* AppDelegate.swift */ = {isa = PBXFileReference; lastKnownFileType = sourcecode.swift; path = AppDelegate.swift; sourceTree = "<group>"; };
		A167A44D1CF5C60400ECCED7 /* Base */ = {isa = PBXFileReference; lastKnownFileType = file.storyboard; name = Base; path = Base.lproj/Main.storyboard; sourceTree = "<group>"; };
		A167A44F1CF5C60400ECCED7 /* Assets.xcassets */ = {isa = PBXFileReference; lastKnownFileType = folder.assetcatalog; path = Assets.xcassets; sourceTree = "<group>"; };
		A167A4521CF5C60400ECCED7 /* Base */ = {isa = PBXFileReference; lastKnownFileType = file.storyboard; name = Base; path = Base.lproj/LaunchScreen.storyboard; sourceTree = "<group>"; };
		A167A4541CF5C60400ECCED7 /* Info.plist */ = {isa = PBXFileReference; lastKnownFileType = text.plist.xml; path = Info.plist; sourceTree = "<group>"; };
/* End PBXFileReference section */

/* Begin PBXFrameworksBuildPhase section */
		A167A4421CF5C60400ECCED7 /* Frameworks */ = {
			isa = PBXFrameworksBuildPhase;
			buildActionMask = 2147483647;
			files = (
			);
			runOnlyForDeploymentPostprocessing = 0;
		};
/* End PBXFrameworksBuildPhase section */

/* Begin PBXGroup section */
		A167A43C1CF5C60400ECCED7 = {
			isa = PBXGroup;
			children = (
				A167A4471CF5C60400ECCED7 /* echotags-db-importer */,
				A167A4461CF5C60400ECCED7 /* Products */,
			);
			sourceTree = "<group>";
		};
		A167A4461CF5C60400ECCED7 /* Products */ = {
			isa = PBXGroup;
			children = (
				A167A4451CF5C60400ECCED7 /* echotags-db-importer.app */,
			);
			name = Products;
			sourceTree = "<group>";
		};
		A167A4471CF5C60400ECCED7 /* echotags-db-importer */ = {
			isa = PBXGroup;
			children = (
				A167A4481CF5C60400ECCED7 /* AppDelegate.swift */,
				A167A44C1CF5C60400ECCED7 /* Main.storyboard */,
				A167A44F1CF5C60400ECCED7 /* Assets.xcassets */,
				A167A4511CF5C60400ECCED7 /* LaunchScreen.storyboard */,
				A167A4541CF5C60400ECCED7 /* Info.plist */,
			);
			path = "echotags-db-importer";
			sourceTree = "<group>";
		};
/* End PBXGroup section */

/* Begin PBXNativeTarget section */
		A167A4441CF5C60400ECCED7 /* echotags-db-importer */ = {
			isa = PBXNativeTarget;
			buildConfigurationList = A167A4571CF5C60400ECCED7 /* Build configuration list for PBXNativeTarget "echotags-db-importer" */;
			buildPhases = (
				A167A4411CF5C60400ECCED7 /* Sources */,
				A167A4421CF5C60400ECCED7 /* Frameworks */,
				A167A4431CF5C60400ECCED7 /* Resources */,
			);
			buildRules = (
			);
			dependencies = (
			);
			name = "echotags-db-importer";
			productName = "echotags-db-importer";
			productReference = A167A4451CF5C60400ECCED7 /* echotags-db-importer.app */;
			productType = "com.apple.product-type.application";
		};
/* End PBXNativeTarget section */

/* Begin PBXProject section */
		A167A43D1CF5C60400ECCED7 /* Project object */ = {
			isa = PBXProject;
			attributes = {
				LastSwiftUpdateCheck = 0730;
				LastUpgradeCheck = 0730;
				ORGANIZATIONNAME = bkzl;
				TargetAttributes = {
					A167A4441CF5C60400ECCED7 = {
						CreatedOnToolsVersion = 7.3.1;
					};
				};
			};
			buildConfigurationList = A167A4401CF5C60400ECCED7 /* Build configuration list for PBXProject "echotags-db-importer" */;
			compatibilityVersion = "Xcode 3.2";
			developmentRegion = English;
			hasScannedForEncodings = 0;
			knownRegions = (
				en,
				Base,
			);
			mainGroup = A167A43C1CF5C60400ECCED7;
			productRefGroup = A167A4461CF5C60400ECCED7 /* Products */;
			projectDirPath = "";
			projectRoot = "";
			targets = (
				A167A4441CF5C60400ECCED7 /* echotags-db-importer */,
			);
		};
/* End PBXProject section */

/* Begin PBXResourcesBuildPhase section */
		A167A4431CF5C60400ECCED7 /* Resources */ = {
			isa = PBXResourcesBuildPhase;
			buildActionMask = 2147483647;
			files = (
				A167A4531CF5C60400ECCED7 /* LaunchScreen.storyboard in Resources */,
				A167A4501CF5C60400ECCED7 /* Assets.xcassets in Resources */,
				A167A44E1CF5C60400ECCED7 /* Main.storyboard in Resources */,
			);
			runOnlyForDeploymentPostprocessing = 0;
		};
/* End PBXResourcesBuildPhase section */

/* Begin PBXSourcesBuildPhase section */
		A167A4411CF5C60400ECCED7 /* Sources */ = {
			isa = PBXSourcesBuildPhase;
			buildActionMask = 2147483647;
			files = (
				A167A4491CF5C60400ECCED7 /* AppDelegate.swift in Sources */,
			);
			runOnlyForDeploymentPostprocessing = 0;
		};
/* End PBXSourcesBuildPhase section */

/* Begin PBXVariantGroup section */
		A167A44C1CF5C60400ECCED7 /* Main.storyboard */ = {
			isa = PBXVariantGroup;
			children = (
				A167A44D1CF5C60400ECCED7 /* Base */,
			);
			name = Main.storyboard;
			sourceTree = "<group>";
		};
		A167A4511CF5C60400ECCED7 /* LaunchScreen.storyboard */ = {
			isa = PBXVariantGroup;
			children = (
				A167A4521CF5C60400ECCED7 /* Base */,
			);
			name = LaunchScreen.storyboard;
			sourceTree = "<group>";
		};
/* End PBXVariantGroup section */

/* Begin XCBuildConfiguration section */
		A167A4551CF5C60400ECCED7 /* Debug */ = {
			isa = XCBuildConfiguration;
			buildSettings = {
				ALWAYS_SEARCH_USER_PATHS = NO;
				CLANG_ANALYZER_NONNULL = YES;
				CLANG_CXX_LANGUAGE_STANDARD = "gnu++0x";
				CLANG_CXX_LIBRARY = "libc++";
				CLANG_ENABLE_MODULES = YES;
				CLANG_ENABLE_OBJC_ARC = YES;
				CLANG_WARN_BOOL_CONVERSION = YES;
				CLANG_WARN_CONSTANT_CONVERSION = YES;
				CLANG_WARN_DIRECT_OBJC_ISA_USAGE = YES_ERROR;
				CLANG_WARN_EMPTY_BODY = YES;
				CLANG_WARN_ENUM_CONVERSION = YES;
				CLANG_WARN_INT_CONVERSION = YES;
				CLANG_WARN_OBJC_ROOT_CLASS = YES_ERROR;
				CLANG_WARN_UNREACHABLE_CODE = YES;
				CLANG_WARN__DUPLICATE_METHOD_MATCH = YES;
				"CODE_SIGN_IDENTITY[sdk=iphoneos*]" = "iPhone Developer";
				COPY_PHASE_STRIP = NO;
				DEBUG_INFORMATION_FORMAT = dwarf;
				ENABLE_STRICT_OBJC_MSGSEND = YES;
				ENABLE_TESTABILITY = YES;
				GCC_C_LANGUAGE_STANDARD = gnu99;
				GCC_DYNAMIC_NO_PIC = NO;
				GCC_NO_COMMON_BLOCKS = YES;
				GCC_OPTIMIZATION_LEVEL = 0;
				GCC_PREPROCESSOR_DEFINITIONS = (
					"DEBUG=1",
					"$(inherited)",
				);
				GCC_WARN_64_TO_32_BIT_CONVERSION = YES;
				GCC_WARN_ABOUT_RETURN_TYPE = YES_ERROR;
				GCC_WARN_UNDECLARED_SELECTOR = YES;
				GCC_WARN_UNINITIALIZED_AUTOS = YES_AGGRESSIVE;
				GCC_WARN_UNUSED_FUNCTION = YES;
				GCC_WARN_UNUSED_VARIABLE = YES;
				IPHONEOS_DEPLOYMENT_TARGET = 9.3;
				MTL_ENABLE_DEBUG_INFO = YES;
				ONLY_ACTIVE_ARCH = YES;
				SDKROOT = iphoneos;
				SWIFT_OPTIMIZATION_LEVEL = "-Onone";
			};
			name = Debug;
		};
		A167A4561CF5C60400ECCED7 /* Release */ = {
			isa = XCBuildConfiguration;
			buildSettings = {
				ALWAYS_SEARCH_USER_PATHS = NO;
				CLANG_ANALYZER_NONNULL = YES;
				CLANG_CXX_LANGUAGE_STANDARD = "gnu++0x";
				CLANG_CXX_LIBRARY = "libc++";
				CLANG_ENABLE_MODULES = YES;
				CLANG_ENABLE_OBJC_ARC = YES;
				CLANG_WARN_BOOL_CONVERSION = YES;
				CLANG_WARN_CONSTANT_CONVERSION = YES;
				CLANG_WARN_DIRECT_OBJC_ISA_USAGE = YES_ERROR;
				CLANG_WARN_EMPTY_BODY = YES;
				CLANG_WARN_ENUM_CONVERSION = YES;
				CLANG_WARN_INT_CONVERSION = YES;
				CLANG_WARN_OBJC_ROOT_CLASS = YES_ERROR;
				CLANG_WARN_UNREACHABLE_CODE = YES;
				CLANG_WARN__DUPLICATE_METHOD_MATCH = YES;
				"CODE_SIGN_IDENTITY[sdk=iphoneos*]" = "iPhone Developer";
				COPY_PHASE_STRIP = NO;
				DEBUG_INFORMATION_FORMAT = "dwarf-with-dsym";
				ENABLE_NS_ASSERTIONS = NO;
				ENABLE_STRICT_OBJC_MSGSEND = YES;
				GCC_C_LANGUAGE_STANDARD = gnu99;
				GCC_NO_COMMON_BLOCKS = YES;
				GCC_WARN_64_TO_32_BIT_CONVERSION = YES;
				GCC_WARN_ABOUT_RETURN_TYPE = YES_ERROR;
				GCC_WARN_UNDECLARED_SELECTOR = YES;
				GCC_WARN_UNINITIALIZED_AUTOS = YES_AGGRESSIVE;
				GCC_WARN_UNUSED_FUNCTION = YES;
				GCC_WARN_UNUSED_VARIABLE = YES;
				IPHONEOS_DEPLOYMENT_TARGET = 9.3;
				MTL_ENABLE_DEBUG_INFO = NO;
				SDKROOT = iphoneos;
				VALIDATE_PRODUCT = YES;
			};
			name = Release;
		};
		A167A4581CF5C60400ECCED7 /* Debug */ = {
			isa = XCBuildConfiguration;
			buildSettings = {
				ASSETCATALOG_COMPILER_APPICON_NAME = AppIcon;
				INFOPLIST_FILE = "echotags-db-importer/Info.plist";
				LD_RUNPATH_SEARCH_PATHS = "$(inherited) @executable_path/Frameworks";
				PRODUCT_BUNDLE_IDENTIFIER = "bkzl.echotags-db-importer";
				PRODUCT_NAME = "$(TARGET_NAME)";
			};
			name = Debug;
		};
		A167A4591CF5C60400ECCED7 /* Release */ = {
			isa = XCBuildConfiguration;
			buildSettings = {
				ASSETCATALOG_COMPILER_APPICON_NAME = AppIcon;
				INFOPLIST_FILE = "echotags-db-importer/Info.plist";
				LD_RUNPATH_SEARCH_PATHS = "$(inherited) @executable_path/Frameworks";
				PRODUCT_BUNDLE_IDENTIFIER = "bkzl.echotags-db-importer";
				PRODUCT_NAME = "$(TARGET_NAME)";
			};
			name = Release;
		};
/* End XCBuildConfiguration section */

/* Begin XCConfigurationList section */
		A167A4401CF5C60400ECCED7 /* Build configuration list for PBXProject "echotags-db-importer" */ = {
			isa = XCConfigurationList;
			buildConfigurations = (
				A167A4551CF5C60400ECCED7 /* Debug */,
				A167A4561CF5C60400ECCED7 /* Release */,
			);
			defaultConfigurationIsVisible = 0;
			defaultConfigurationName = Release;
		};
		A167A4571CF5C60400ECCED7 /* Build configuration list for PBXNativeTarget "echotags-db-importer" */ = {
			isa = XCConfigurationList;
			buildConfigurations = (
				A167A4581CF5C60400ECCED7 /* Debug */,
				A167A4591CF5C60400ECCED7 /* Release */,
			);
			defaultConfigurationIsVisible = 0;
		};
/* End XCConfigurationList section */
	};
	rootObject = A167A43D1CF5C60400ECCED7 /* Project object */;
}
